
Microsoft Visual Studio Solution File, Format Version 12.00
# Visual Studio 15
VisualStudioVersion = 15.0.26228.9
MinimumVisualStudioVersion = 10.0.40219.1
Project("{FAE04EC0-301F-11D3-BF4B-00C04F79EFBC}") = "Web-PrimerProyecto", "Web-PrimerProyecto\Web-PrimerProyecto.csproj", "{FFAAE425-8A69-49F9-8249-2BED44E2A9D6}"
EndProject
Global
	GlobalSection(SolutionConfigurationPlatforms) = preSolution
		Debug|Any CPU = Debug|Any CPU
		Release|Any CPU = Release|Any CPU
	EndGlobalSection
	GlobalSection(ProjectConfigurationPlatforms) = postSolution
		{FFAAE425-8A69-49F9-8249-2BED44E2A9D6}.Debug|Any CPU.ActiveCfg = Debug|Any CPU
		{FFAAE425-8A69-49F9-8249-2BED44E2A9D6}.Debug|Any CPU.Build.0 = Debug|Any CPU
		{FFAAE425-8A69-49F9-8249-2BED44E2A9D6}.Release|Any CPU.ActiveCfg = Release|Any CPU
		{FFAAE425-8A69-49F9-8249-2BED44E2A9D6}.Release|Any CPU.Build.0 = Release|Any CPU
	EndGlobalSection
	GlobalSection(SolutionProperties) = preSolution
		HideSolutionNode = FALSE
	EndGlobalSection
EndGlobal
